
Microsoft Visual Studio Solution File, Format Version 12.00
# Visual Studio Version 17
VisualStudioVersion = 17.0.32014.148
MinimumVisualStudioVersion = 10.0.40219.1
Project("{9A19103F-16F7-4668-BE54-9A1E7A4F7556}") = "SplinterlandsCSVProcessor", "SplinterlandsCSVProcessor\SplinterlandsCSVProcessor.csproj", "{D3810497-7DCC-420C-8C61-28D1EACFCC6A}"
EndProject
Project("{2150E333-8FDC-42A3-9474-1A3956D46DE8}") = "Solution Items", "Solution Items", "{4FC0E683-153B-4706-B892-BD0BDC8F4042}"
	ProjectSection(SolutionItems) = preProject
		Readme.md = Readme.md
	EndProjectSection
EndProject
Global
	GlobalSection(SolutionConfigurationPlatforms) = preSolution
		Debug|Any CPU = Debug|Any CPU
		Release|Any CPU = Release|Any CPU
	EndGlobalSection
	GlobalSection(ProjectConfigurationPlatforms) = postSolution
		{D3810497-7DCC-420C-8C61-28D1EACFCC6A}.Debug|Any CPU.ActiveCfg = Debug|Any CPU
		{D3810497-7DCC-420C-8C61-28D1EACFCC6A}.Debug|Any CPU.Build.0 = Debug|Any CPU
		{D3810497-7DCC-420C-8C61-28D1EACFCC6A}.Release|Any CPU.ActiveCfg = Release|Any CPU
		{D3810497-7DCC-420C-8C61-28D1EACFCC6A}.Release|Any CPU.Build.0 = Release|Any CPU
	EndGlobalSection
	GlobalSection(SolutionProperties) = preSolution
		HideSolutionNode = FALSE
	EndGlobalSection
	GlobalSection(ExtensibilityGlobals) = postSolution
		SolutionGuid = {EAEF8579-A06F-4DC3-B608-326E9DA70E2F}
	EndGlobalSection
EndGlobal
